
Microsoft Visual Studio Solution File, Format Version 12.00
# Visual Studio Version 17
VisualStudioVersion = 17.0.31903.59
MinimumVisualStudioVersion = 10.0.40219.1
Project("{2150E333-8FDC-42A3-9474-1A3956D46DE8}") = "src", "src", "{827E0CD3-B72D-47B6-A68D-7590B98EB39B}"
EndProject
Project("{FAE04EC0-301F-11D3-BF4B-00C04F79EFBC}") = "Liakont.Agent", "src\Liakont.Agent\Liakont.Agent.csproj", "{4C706997-9189-446E-84C7-57EF0D04847A}"
EndProject
Project("{FAE04EC0-301F-11D3-BF4B-00C04F79EFBC}") = "Liakont.Agent.Core", "src\Liakont.Agent.Core\Liakont.Agent.Core.csproj", "{7EF5F0FF-83ED-4542-AFCE-4D1E4D72E7EC}"
EndProject
Project("{FAE04EC0-301F-11D3-BF4B-00C04F79EFBC}") = "Liakont.Agent.Contracts", "..\src\Contracts\Liakont.Agent.Contracts\Liakont.Agent.Contracts.csproj", "{971FA5B4-0B41-486E-8550-B74617C176B4}"
EndProject
Project("{FAE04EC0-301F-11D3-BF4B-00C04F79EFBC}") = "Liakont.Agent.Adapters.EncheresV6", "src\Liakont.Agent.Adapters.EncheresV6\Liakont.Agent.Adapters.EncheresV6.csproj", "{D9450D1B-3CFD-4A98-8912-DC5905F07EA6}"
EndProject
Project("{FAE04EC0-301F-11D3-BF4B-00C04F79EFBC}") = "Liakont.Agent.Cli", "src\Liakont.Agent.Cli\Liakont.Agent.Cli.csproj", "{4DEEA170-7596-4CE6-A6FB-822820AAE13C}"
EndProject
Project("{FAE04EC0-301F-11D3-BF4B-00C04F79EFBC}") = "Liakont.Agent.Installer", "src\Liakont.Agent.Installer\Liakont.Agent.Installer.csproj", "{0758273F-E6E3-4809-9BC1-0D151B69F06C}"
EndProject
Project("{2150E333-8FDC-42A3-9474-1A3956D46DE8}") = "tests", "tests", "{0AB3BF05-4346-4AA6-1389-037BE0695223}"
EndProject
Project("{FAE04EC0-301F-11D3-BF4B-00C04F79EFBC}") = "Liakont.Agent.Core.Tests", "tests\Liakont.Agent.Core.Tests\Liakont.Agent.Core.Tests.csproj", "{791C3466-EFC4-4992-9604-75173C588B45}"
EndProject
Project("{FAE04EC0-301F-11D3-BF4B-00C04F79EFBC}") = "Liakont.Agent.Adapters.EncheresV6.Tests", "tests\Liakont.Agent.Adapters.EncheresV6.Tests\Liakont.Agent.Adapters.EncheresV6.Tests.csproj", "{59EFEE7F-252B-442A-8BC4-9CE019298333}"
EndProject
Project("{FAE04EC0-301F-11D3-BF4B-00C04F79EFBC}") = "Liakont.Agent.Cli.Tests", "tests\Liakont.Agent.Cli.Tests\Liakont.Agent.Cli.Tests.csproj", "{092173CD-8D7A-4499-A094-8D4FD2E87A71}"
EndProject
Project("{FAE04EC0-301F-11D3-BF4B-00C04F79EFBC}") = "Liakont.Agent.Installer.Tests", "tests\Liakont.Agent.Installer.Tests\Liakont.Agent.Installer.Tests.csproj", "{BAE7856B-FE7A-4164-82CF-6CFF64F98195}"
EndProject
Project("{FAE04EC0-301F-11D3-BF4B-00C04F79EFBC}") = "Liakont.Agent.Updater", "src\Liakont.Agent.Updater\Liakont.Agent.Updater.csproj", "{CC0A39E8-29F7-4E7A-A777-F79D68569AD7}"
EndProject
Project("{FAE04EC0-301F-11D3-BF4B-00C04F79EFBC}") = "Liakont.Agent.Updater.Tests", "tests\Liakont.Agent.Updater.Tests\Liakont.Agent.Updater.Tests.csproj", "{96E929FD-8470-4B28-ACF3-C8CB33F40D25}"
EndProject
Project("{FAE04EC0-301F-11D3-BF4B-00C04F79EFBC}") = "Liakont.Agent.Adapters.DemoErpA", "src\Liakont.Agent.Adapters.DemoErpA\Liakont.Agent.Adapters.DemoErpA.csproj", "{F20298E9-CF04-4346-95B5-196B5B08EB89}"
EndProject
Project("{FAE04EC0-301F-11D3-BF4B-00C04F79EFBC}") = "Liakont.Agent.Adapters.DemoErpB", "src\Liakont.Agent.Adapters.DemoErpB\Liakont.Agent.Adapters.DemoErpB.csproj", "{8309D701-F2F5-4E90-B6F0-E001637837BC}"
EndProject
Project("{FAE04EC0-301F-11D3-BF4B-00C04F79EFBC}") = "Liakont.Agent.Adapters.DemoErpA.Tests", "tests\Liakont.Agent.Adapters.DemoErpA.Tests\Liakont.Agent.Adapters.DemoErpA.Tests.csproj", "{FF226D7A-25B9-4E83-A9EA-FF5890915C8D}"
EndProject
Project("{FAE04EC0-301F-11D3-BF4B-00C04F79EFBC}") = "Liakont.Agent.Adapters.DemoErpB.Tests", "tests\Liakont.Agent.Adapters.DemoErpB.Tests\Liakont.Agent.Adapters.DemoErpB.Tests.csproj", "{C430A51E-7DA1-4B3C-B442-C1FB5A8A3099}"
EndProject
Project("{FAE04EC0-301F-11D3-BF4B-00C04F79EFBC}") = "Liakont.Agent.Contracts.Ged", "..\src\Contracts\Liakont.Agent.Contracts.Ged\Liakont.Agent.Contracts.Ged.csproj", "{A06048CB-EDB1-48F1-A482-7DDC86A9A790}"
EndProject
Global
	GlobalSection(SolutionConfigurationPlatforms) = preSolution
		Debug|Any CPU = Debug|Any CPU
		Debug|x64 = Debug|x64
		Debug|x86 = Debug|x86
		Release|Any CPU = Release|Any CPU
		Release|x64 = Release|x64
		Release|x86 = Release|x86
	EndGlobalSection
	GlobalSection(ProjectConfigurationPlatforms) = postSolution
		{4C706997-9189-446E-84C7-57EF0D04847A}.Debug|Any CPU.ActiveCfg = Debug|x86
		{4C706997-9189-446E-84C7-57EF0D04847A}.Debug|Any CPU.Build.0 = Debug|x86
		{4C706997-9189-446E-84C7-57EF0D04847A}.Debug|x64.ActiveCfg = Debug|x64
		{4C706997-9189-446E-84C7-57EF0D04847A}.Debug|x64.Build.0 = Debug|x64
		{4C706997-9189-446E-84C7-57EF0D04847A}.Debug|x86.ActiveCfg = Debug|x86
		{4C706997-9189-446E-84C7-57EF0D04847A}.Debug|x86.Build.0 = Debug|x86
		{4C706997-9189-446E-84C7-57EF0D04847A}.Release|Any CPU.ActiveCfg = Release|x86
		{4C706997-9189-446E-84C7-57EF0D04847A}.Release|Any CPU.Build.0 = Release|x86
		{4C706997-9189-446E-84C7-57EF0D04847A}.Release|x64.ActiveCfg = Release|x64
		{4C706997-9189-446E-84C7-57EF0D04847A}.Release|x64.Build.0 = Release|x64
		{4C706997-9189-446E-84C7-57EF0D04847A}.Release|x86.ActiveCfg = Release|x86
		{4C706997-9189-446E-84C7-57EF0D04847A}.Release|x86.Build.0 = Release|x86
		{7EF5F0FF-83ED-4542-AFCE-4D1E4D72E7EC}.Debug|Any CPU.ActiveCfg = Debug|x86
		{7EF5F0FF-83ED-4542-AFCE-4D1E4D72E7EC}.Debug|Any CPU.Build.0 = Debug|x86
		{7EF5F0FF-83ED-4542-AFCE-4D1E4D72E7EC}.Debug|x64.ActiveCfg = Debug|x64
		{7EF5F0FF-83ED-4542-AFCE-4D1E4D72E7EC}.Debug|x64.Build.0 = Debug|x64
		{7EF5F0FF-83ED-4542-AFCE-4D1E4D72E7EC}.Debug|x86.ActiveCfg = Debug|x86
		{7EF5F0FF-83ED-4542-AFCE-4D1E4D72E7EC}.Debug|x86.Build.0 = Debug|x86
		{7EF5F0FF-83ED-4542-AFCE-4D1E4D72E7EC}.Release|Any CPU.ActiveCfg = Release|x86
		{7EF5F0FF-83ED-4542-AFCE-4D1E4D72E7EC}.Release|Any CPU.Build.0 = Release|x86
		{7EF5F0FF-83ED-4542-AFCE-4D1E4D72E7EC}.Release|x64.ActiveCfg = Release|x64
		{7EF5F0FF-83ED-4542-AFCE-4D1E4D72E7EC}.Release|x64.Build.0 = Release|x64
		{7EF5F0FF-83ED-4542-AFCE-4D1E4D72E7EC}.Release|x86.ActiveCfg = Release|x86
		{7EF5F0FF-83ED-4542-AFCE-4D1E4D72E7EC}.Release|x86.Build.0 = Release|x86
		{971FA5B4-0B41-486E-8550-B74617C176B4}.Debug|Any CPU.ActiveCfg = Debug|Any CPU
		{971FA5B4-0B41-486E-8550-B74617C176B4}.Debug|Any CPU.Build.0 = Debug|Any CPU
		{971FA5B4-0B41-486E-8550-B74617C176B4}.Debug|x64.ActiveCfg = Debug|Any CPU
		{971FA5B4-0B41-486E-8550-B74617C176B4}.Debug|x64.Build.0 = Debug|Any CPU
		{971FA5B4-0B41-486E-8550-B74617C176B4}.Debug|x86.ActiveCfg = Debug|Any CPU
		{971FA5B4-0B41-486E-8550-B74617C176B4}.Debug|x86.Build.0 = Debug|Any CPU
		{971FA5B4-0B41-486E-8550-B74617C176B4}.Release|Any CPU.ActiveCfg = Release|Any CPU
		{971FA5B4-0B41-486E-8550-B74617C176B4}.Release|Any CPU.Build.0 = Release|Any CPU
		{971FA5B4-0B41-486E-8550-B74617C176B4}.Release|x64.ActiveCfg = Release|Any CPU
		{971FA5B4-0B41-486E-8550-B74617C176B4}.Release|x64.Build.0 = Release|Any CPU
		{971FA5B4-0B41-486E-8550-B74617C176B4}.Release|x86.ActiveCfg = Release|Any CPU
		{971FA5B4-0B41-486E-8550-B74617C176B4}.Release|x86.Build.0 = Release|Any CPU
		{D9450D1B-3CFD-4A98-8912-DC5905F07EA6}.Debug|Any CPU.ActiveCfg = Debug|x86
		{D9450D1B-3CFD-4A98-8912-DC5905F07EA6}.Debug|Any CPU.Build.0 = Debug|x86
		{D9450D1B-3CFD-4A98-8912-DC5905F07EA6}.Debug|x64.ActiveCfg = Debug|x64
		{D9450D1B-3CFD-4A98-8912-DC5905F07EA6}.Debug|x64.Build.0 = Debug|x64
		{D9450D1B-3CFD-4A98-8912-DC5905F07EA6}.Debug|x86.ActiveCfg = Debug|x86
		{D9450D1B-3CFD-4A98-8912-DC5905F07EA6}.Debug|x86.Build.0 = Debug|x86
		{D9450D1B-3CFD-4A98-8912-DC5905F07EA6}.Release|Any CPU.ActiveCfg = Release|x86
		{D9450D1B-3CFD-4A98-8912-DC5905F07EA6}.Release|Any CPU.Build.0 = Release|x86
		{D9450D1B-3CFD-4A98-8912-DC5905F07EA6}.Release|x64.ActiveCfg = Release|x64
		{D9450D1B-3CFD-4A98-8912-DC5905F07EA6}.Release|x64.Build.0 = Release|x64
		{D9450D1B-3CFD-4A98-8912-DC5905F07EA6}.Release|x86.ActiveCfg = Release|x86
		{D9450D1B-3CFD-4A98-8912-DC5905F07EA6}.Release|x86.Build.0 = Release|x86
		{4DEEA170-7596-4CE6-A6FB-822820AAE13C}.Debug|Any CPU.ActiveCfg = Debug|x86
		{4DEEA170-7596-4CE6-A6FB-822820AAE13C}.Debug|Any CPU.Build.0 = Debug|x86
		{4DEEA170-7596-4CE6-A6FB-822820AAE13C}.Debug|x64.ActiveCfg = Debug|x64
		{4DEEA170-7596-4CE6-A6FB-822820AAE13C}.Debug|x64.Build.0 = Debug|x64
		{4DEEA170-7596-4CE6-A6FB-822820AAE13C}.Debug|x86.ActiveCfg = Debug|x86
		{4DEEA170-7596-4CE6-A6FB-822820AAE13C}.Debug|x86.Build.0 = Debug|x86
		{4DEEA170-7596-4CE6-A6FB-822820AAE13C}.Release|Any CPU.ActiveCfg = Release|x86
		{4DEEA170-7596-4CE6-A6FB-822820AAE13C}.Release|Any CPU.Build.0 = Release|x86
		{4DEEA170-7596-4CE6-A6FB-822820AAE13C}.Release|x64.ActiveCfg = Release|x64
		{4DEEA170-7596-4CE6-A6FB-822820AAE13C}.Release|x64.Build.0 = Release|x64
		{4DEEA170-7596-4CE6-A6FB-822820AAE13C}.Release|x86.ActiveCfg = Release|x86
		{4DEEA170-7596-4CE6-A6FB-822820AAE13C}.Release|x86.Build.0 = Release|x86
		{0758273F-E6E3-4809-9BC1-0D151B69F06C}.Debug|Any CPU.ActiveCfg = Debug|x86
		{0758273F-E6E3-4809-9BC1-0D151B69F06C}.Debug|Any CPU.Build.0 = Debug|x86
		{0758273F-E6E3-4809-9BC1-0D151B69F06C}.Debug|x64.ActiveCfg = Debug|x64
		{0758273F-E6E3-4809-9BC1-0D151B69F06C}.Debug|x64.Build.0 = Debug|x64
		{0758273F-E6E3-4809-9BC1-0D151B69F06C}.Debug|x86.ActiveCfg = Debug|x86
		{0758273F-E6E3-4809-9BC1-0D151B69F06C}.Debug|x86.Build.0 = Debug|x86
		{0758273F-E6E3-4809-9BC1-0D151B69F06C}.Release|Any CPU.ActiveCfg = Release|x86
		{0758273F-E6E3-4809-9BC1-0D151B69F06C}.Release|Any CPU.Build.0 = Release|x86
		{0758273F-E6E3-4809-9BC1-0D151B69F06C}.Release|x64.ActiveCfg = Release|x64
		{0758273F-E6E3-4809-9BC1-0D151B69F06C}.Release|x64.Build.0 = Release|x64
		{0758273F-E6E3-4809-9BC1-0D151B69F06C}.Release|x86.ActiveCfg = Release|x86
		{0758273F-E6E3-4809-9BC1-0D151B69F06C}.Release|x86.Build.0 = Release|x86
		{791C3466-EFC4-4992-9604-75173C588B45}.Debug|Any CPU.ActiveCfg = Debug|x86
		{791C3466-EFC4-4992-9604-75173C588B45}.Debug|Any CPU.Build.0 = Debug|x86
		{791C3466-EFC4-4992-9604-75173C588B45}.Debug|x64.ActiveCfg = Debug|x64
		{791C3466-EFC4-4992-9604-75173C588B45}.Debug|x64.Build.0 = Debug|x64
		{791C3466-EFC4-4992-9604-75173C588B45}.Debug|x86.ActiveCfg = Debug|x86
		{791C3466-EFC4-4992-9604-75173C588B45}.Debug|x86.Build.0 = Debug|x86
		{791C3466-EFC4-4992-9604-75173C588B45}.Release|Any CPU.ActiveCfg = Release|x86
		{791C3466-EFC4-4992-9604-75173C588B45}.Release|Any CPU.Build.0 = Release|x86
		{791C3466-EFC4-4992-9604-75173C588B45}.Release|x64.ActiveCfg = Release|x64
		{791C3466-EFC4-4992-9604-75173C588B45}.Release|x64.Build.0 = Release|x64
		{791C3466-EFC4-4992-9604-75173C588B45}.Release|x86.ActiveCfg = Release|x86
		{791C3466-EFC4-4992-9604-75173C588B45}.Release|x86.Build.0 = Release|x86
		{59EFEE7F-252B-442A-8BC4-9CE019298333}.Debug|Any CPU.ActiveCfg = Debug|x86
		{59EFEE7F-252B-442A-8BC4-9CE019298333}.Debug|Any CPU.Build.0 = Debug|x86
		{59EFEE7F-252B-442A-8BC4-9CE019298333}.Debug|x64.ActiveCfg = Debug|x64
		{59EFEE7F-252B-442A-8BC4-9CE019298333}.Debug|x64.Build.0 = Debug|x64
		{59EFEE7F-252B-442A-8BC4-9CE019298333}.Debug|x86.ActiveCfg = Debug|x86
		{59EFEE7F-252B-442A-8BC4-9CE019298333}.Debug|x86.Build.0 = Debug|x86
		{59EFEE7F-252B-442A-8BC4-9CE019298333}.Release|Any CPU.ActiveCfg = Release|x86
		{59EFEE7F-252B-442A-8BC4-9CE019298333}.Release|Any CPU.Build.0 = Release|x86
		{59EFEE7F-252B-442A-8BC4-9CE019298333}.Release|x64.ActiveCfg = Release|x64
		{59EFEE7F-252B-442A-8BC4-9CE019298333}.Release|x64.Build.0 = Release|x64
		{59EFEE7F-252B-442A-8BC4-9CE019298333}.Release|x86.ActiveCfg = Release|x86
		{59EFEE7F-252B-442A-8BC4-9CE019298333}.Release|x86.Build.0 = Release|x86
		{092173CD-8D7A-4499-A094-8D4FD2E87A71}.Debug|Any CPU.ActiveCfg = Debug|x86
		{092173CD-8D7A-4499-A094-8D4FD2E87A71}.Debug|Any CPU.Build.0 = Debug|x86
		{092173CD-8D7A-4499-A094-8D4FD2E87A71}.Debug|x64.ActiveCfg = Debug|x64
		{092173CD-8D7A-4499-A094-8D4FD2E87A71}.Debug|x64.Build.0 = Debug|x64
		{092173CD-8D7A-4499-A094-8D4FD2E87A71}.Debug|x86.ActiveCfg = Debug|x86
		{092173CD-8D7A-4499-A094-8D4FD2E87A71}.Debug|x86.Build.0 = Debug|x86
		{092173CD-8D7A-4499-A094-8D4FD2E87A71}.Release|Any CPU.ActiveCfg = Release|x86
		{092173CD-8D7A-4499-A094-8D4FD2E87A71}.Release|Any CPU.Build.0 = Release|x86
		{092173CD-8D7A-4499-A094-8D4FD2E87A71}.Release|x64.ActiveCfg = Release|x64
		{092173CD-8D7A-4499-A094-8D4FD2E87A71}.Release|x64.Build.0 = Release|x64
		{092173CD-8D7A-4499-A094-8D4FD2E87A71}.Release|x86.ActiveCfg = Release|x86
		{092173CD-8D7A-4499-A094-8D4FD2E87A71}.Release|x86.Build.0 = Release|x86
		{BAE7856B-FE7A-4164-82CF-6CFF64F98195}.Debug|Any CPU.ActiveCfg = Debug|x86
		{BAE7856B-FE7A-4164-82CF-6CFF64F98195}.Debug|Any CPU.Build.0 = Debug|x86
		{BAE7856B-FE7A-4164-82CF-6CFF64F98195}.Debug|x64.ActiveCfg = Debug|x64
		{BAE7856B-FE7A-4164-82CF-6CFF64F98195}.Debug|x64.Build.0 = Debug|x64
		{BAE7856B-FE7A-4164-82CF-6CFF64F98195}.Debug|x86.ActiveCfg = Debug|x86
		{BAE7856B-FE7A-4164-82CF-6CFF64F98195}.Debug|x86.Build.0 = Debug|x86
		{BAE7856B-FE7A-4164-82CF-6CFF64F98195}.Release|Any CPU.ActiveCfg = Release|x86
		{BAE7856B-FE7A-4164-82CF-6CFF64F98195}.Release|Any CPU.Build.0 = Release|x86
		{BAE7856B-FE7A-4164-82CF-6CFF64F98195}.Release|x64.ActiveCfg = Release|x64
		{BAE7856B-FE7A-4164-82CF-6CFF64F98195}.Release|x64.Build.0 = Release|x64
		{BAE7856B-FE7A-4164-82CF-6CFF64F98195}.Release|x86.ActiveCfg = Release|x86
		{BAE7856B-FE7A-4164-82CF-6CFF64F98195}.Release|x86.Build.0 = Release|x86
		{CC0A39E8-29F7-4E7A-A777-F79D68569AD7}.Debug|Any CPU.ActiveCfg = Debug|x86
		{CC0A39E8-29F7-4E7A-A777-F79D68569AD7}.Debug|Any CPU.Build.0 = Debug|x86
		{CC0A39E8-29F7-4E7A-A777-F79D68569AD7}.Debug|x64.ActiveCfg = Debug|x64
		{CC0A39E8-29F7-4E7A-A777-F79D68569AD7}.Debug|x64.Build.0 = Debug|x64
		{CC0A39E8-29F7-4E7A-A777-F79D68569AD7}.Debug|x86.ActiveCfg = Debug|x86
		{CC0A39E8-29F7-4E7A-A777-F79D68569AD7}.Debug|x86.Build.0 = Debug|x86
		{CC0A39E8-29F7-4E7A-A777-F79D68569AD7}.Release|Any CPU.ActiveCfg = Release|x86
		{CC0A39E8-29F7-4E7A-A777-F79D68569AD7}.Release|Any CPU.Build.0 = Release|x86
		{CC0A39E8-29F7-4E7A-A777-F79D68569AD7}.Release|x64.ActiveCfg = Release|x64
		{CC0A39E8-29F7-4E7A-A777-F79D68569AD7}.Release|x64.Build.0 = Release|x64
		{CC0A39E8-29F7-4E7A-A777-F79D68569AD7}.Release|x86.ActiveCfg = Release|x86
		{CC0A39E8-29F7-4E7A-A777-F79D68569AD7}.Release|x86.Build.0 = Release|x86
		{96E929FD-8470-4B28-ACF3-C8CB33F40D25}.Debug|Any CPU.ActiveCfg = Debug|x86
		{96E929FD-8470-4B28-ACF3-C8CB33F40D25}.Debug|Any CPU.Build.0 = Debug|x86
		{96E929FD-8470-4B28-ACF3-C8CB33F40D25}.Debug|x64.ActiveCfg = Debug|x64
		{96E929FD-8470-4B28-ACF3-C8CB33F40D25}.Debug|x64.Build.0 = Debug|x64
		{96E929FD-8470-4B28-ACF3-C8CB33F40D25}.Debug|x86.ActiveCfg = Debug|x86
		{96E929FD-8470-4B28-ACF3-C8CB33F40D25}.Debug|x86.Build.0 = Debug|x86
		{96E929FD-8470-4B28-ACF3-C8CB33F40D25}.Release|Any CPU.ActiveCfg = Release|x86
		{96E929FD-8470-4B28-ACF3-C8CB33F40D25}.Release|Any CPU.Build.0 = Release|x86
		{96E929FD-8470-4B28-ACF3-C8CB33F40D25}.Release|x64.ActiveCfg = Release|x64
		{96E929FD-8470-4B28-ACF3-C8CB33F40D25}.Release|x64.Build.0 = Release|x64
		{96E929FD-8470-4B28-ACF3-C8CB33F40D25}.Release|x86.ActiveCfg = Release|x86
		{96E929FD-8470-4B28-ACF3-C8CB33F40D25}.Release|x86.Build.0 = Release|x86
		{F20298E9-CF04-4346-95B5-196B5B08EB89}.Debug|Any CPU.ActiveCfg = Debug|x86
		{F20298E9-CF04-4346-95B5-196B5B08EB89}.Debug|Any CPU.Build.0 = Debug|x86
		{F20298E9-CF04-4346-95B5-196B5B08EB89}.Debug|x64.ActiveCfg = Debug|x64
		{F20298E9-CF04-4346-95B5-196B5B08EB89}.Debug|x64.Build.0 = Debug|x64
		{F20298E9-CF04-4346-95B5-196B5B08EB89}.Debug|x86.ActiveCfg = Debug|x86
		{F20298E9-CF04-4346-95B5-196B5B08EB89}.Debug|x86.Build.0 = Debug|x86
		{F20298E9-CF04-4346-95B5-196B5B08EB89}.Release|Any CPU.ActiveCfg = Release|x86
		{F20298E9-CF04-4346-95B5-196B5B08EB89}.Release|Any CPU.Build.0 = Release|x86
		{F20298E9-CF04-4346-95B5-196B5B08EB89}.Release|x64.ActiveCfg = Release|x64
		{F20298E9-CF04-4346-95B5-196B5B08EB89}.Release|x64.Build.0 = Release|x64
		{F20298E9-CF04-4346-95B5-196B5B08EB89}.Release|x86.ActiveCfg = Release|x86
		{F20298E9-CF04-4346-95B5-196B5B08EB89}.Release|x86.Build.0 = Release|x86
		{8309D701-F2F5-4E90-B6F0-E001637837BC}.Debug|Any CPU.ActiveCfg = Debug|x86
		{8309D701-F2F5-4E90-B6F0-E001637837BC}.Debug|Any CPU.Build.0 = Debug|x86
		{8309D701-F2F5-4E90-B6F0-E001637837BC}.Debug|x64.ActiveCfg = Debug|x64
		{8309D701-F2F5-4E90-B6F0-E001637837BC}.Debug|x64.Build.0 = Debug|x64
		{8309D701-F2F5-4E90-B6F0-E001637837BC}.Debug|x86.ActiveCfg = Debug|x86
		{8309D701-F2F5-4E90-B6F0-E001637837BC}.Debug|x86.Build.0 = Debug|x86
		{8309D701-F2F5-4E90-B6F0-E001637837BC}.Release|Any CPU.ActiveCfg = Release|x86
		{8309D701-F2F5-4E90-B6F0-E001637837BC}.Release|Any CPU.Build.0 = Release|x86
		{8309D701-F2F5-4E90-B6F0-E001637837BC}.Release|x64.ActiveCfg = Release|x64
		{8309D701-F2F5-4E90-B6F0-E001637837BC}.Release|x64.Build.0 = Release|x64
		{8309D701-F2F5-4E90-B6F0-E001637837BC}.Release|x86.ActiveCfg = Release|x86
		{8309D701-F2F5-4E90-B6F0-E001637837BC}.Release|x86.Build.0 = Release|x86
		{FF226D7A-25B9-4E83-A9EA-FF5890915C8D}.Debug|Any CPU.ActiveCfg = Debug|x86
		{FF226D7A-25B9-4E83-A9EA-FF5890915C8D}.Debug|Any CPU.Build.0 = Debug|x86
		{FF226D7A-25B9-4E83-A9EA-FF5890915C8D}.Debug|x64.ActiveCfg = Debug|x64
		{FF226D7A-25B9-4E83-A9EA-FF5890915C8D}.Debug|x64.Build.0 = Debug|x64
		{FF226D7A-25B9-4E83-A9EA-FF5890915C8D}.Debug|x86.ActiveCfg = Debug|x86
		{FF226D7A-25B9-4E83-A9EA-FF5890915C8D}.Debug|x86.Build.0 = Debug|x86
		{FF226D7A-25B9-4E83-A9EA-FF5890915C8D}.Release|Any CPU.ActiveCfg = Release|x86
		{FF226D7A-25B9-4E83-A9EA-FF5890915C8D}.Release|Any CPU.Build.0 = Release|x86
		{FF226D7A-25B9-4E83-A9EA-FF5890915C8D}.Release|x64.ActiveCfg = Release|x64
		{FF226D7A-25B9-4E83-A9EA-FF5890915C8D}.Release|x64.Build.0 = Release|x64
		{FF226D7A-25B9-4E83-A9EA-FF5890915C8D}.Release|x86.ActiveCfg = Release|x86
		{FF226D7A-25B9-4E83-A9EA-FF5890915C8D}.Release|x86.Build.0 = Release|x86
		{C430A51E-7DA1-4B3C-B442-C1FB5A8A3099}.Debug|Any CPU.ActiveCfg = Debug|x86
		{C430A51E-7DA1-4B3C-B442-C1FB5A8A3099}.Debug|Any CPU.Build.0 = Debug|x86
		{C430A51E-7DA1-4B3C-B442-C1FB5A8A3099}.Debug|x64.ActiveCfg = Debug|x64
		{C430A51E-7DA1-4B3C-B442-C1FB5A8A3099}.Debug|x64.Build.0 = Debug|x64
		{C430A51E-7DA1-4B3C-B442-C1FB5A8A3099}.Debug|x86.ActiveCfg = Debug|x86
		{C430A51E-7DA1-4B3C-B442-C1FB5A8A3099}.Debug|x86.Build.0 = Debug|x86
		{C430A51E-7DA1-4B3C-B442-C1FB5A8A3099}.Release|Any CPU.ActiveCfg = Release|x86
		{C430A51E-7DA1-4B3C-B442-C1FB5A8A3099}.Release|Any CPU.Build.0 = Release|x86
		{C430A51E-7DA1-4B3C-B442-C1FB5A8A3099}.Release|x64.ActiveCfg = Release|x64
		{C430A51E-7DA1-4B3C-B442-C1FB5A8A3099}.Release|x64.Build.0 = Release|x64
		{C430A51E-7DA1-4B3C-B442-C1FB5A8A3099}.Release|x86.ActiveCfg = Release|x86
		{C430A51E-7DA1-4B3C-B442-C1FB5A8A3099}.Release|x86.Build.0 = Release|x86
		{A06048CB-EDB1-48F1-A482-7DDC86A9A790}.Debug|Any CPU.ActiveCfg = Debug|Any CPU
		{A06048CB-EDB1-48F1-A482-7DDC86A9A790}.Debug|Any CPU.Build.0 = Debug|Any CPU
		{A06048CB-EDB1-48F1-A482-7DDC86A9A790}.Debug|x64.ActiveCfg = Debug|Any CPU
		{A06048CB-EDB1-48F1-A482-7DDC86A9A790}.Debug|x64.Build.0 = Debug|Any CPU
		{A06048CB-EDB1-48F1-A482-7DDC86A9A790}.Debug|x86.ActiveCfg = Debug|Any CPU
		{A06048CB-EDB1-48F1-A482-7DDC86A9A790}.Debug|x86.Build.0 = Debug|Any CPU
		{A06048CB-EDB1-48F1-A482-7DDC86A9A790}.Release|Any CPU.ActiveCfg = Release|Any CPU
		{A06048CB-EDB1-48F1-A482-7DDC86A9A790}.Release|Any CPU.Build.0 = Release|Any CPU
		{A06048CB-EDB1-48F1-A482-7DDC86A9A790}.Release|x64.ActiveCfg = Release|Any CPU
		{A06048CB-EDB1-48F1-A482-7DDC86A9A790}.Release|x64.Build.0 = Release|Any CPU
		{A06048CB-EDB1-48F1-A482-7DDC86A9A790}.Release|x86.ActiveCfg = Release|Any CPU
		{A06048CB-EDB1-48F1-A482-7DDC86A9A790}.Release|x86.Build.0 = Release|Any CPU
	EndGlobalSection
	GlobalSection(SolutionProperties) = preSolution
		HideSolutionNode = FALSE
	EndGlobalSection
	GlobalSection(NestedProjects) = preSolution
		{4C706997-9189-446E-84C7-57EF0D04847A} = {827E0CD3-B72D-47B6-A68D-7590B98EB39B}
		{7EF5F0FF-83ED-4542-AFCE-4D1E4D72E7EC} = {827E0CD3-B72D-47B6-A68D-7590B98EB39B}
		{D9450D1B-3CFD-4A98-8912-DC5905F07EA6} = {827E0CD3-B72D-47B6-A68D-7590B98EB39B}
		{4DEEA170-7596-4CE6-A6FB-822820AAE13C} = {827E0CD3-B72D-47B6-A68D-7590B98EB39B}
		{0758273F-E6E3-4809-9BC1-0D151B69F06C} = {827E0CD3-B72D-47B6-A68D-7590B98EB39B}
		{791C3466-EFC4-4992-9604-75173C588B45} = {0AB3BF05-4346-4AA6-1389-037BE0695223}
		{59EFEE7F-252B-442A-8BC4-9CE019298333} = {0AB3BF05-4346-4AA6-1389-037BE0695223}
		{092173CD-8D7A-4499-A094-8D4FD2E87A71} = {0AB3BF05-4346-4AA6-1389-037BE0695223}
		{BAE7856B-FE7A-4164-82CF-6CFF64F98195} = {0AB3BF05-4346-4AA6-1389-037BE0695223}
		{CC0A39E8-29F7-4E7A-A777-F79D68569AD7} = {827E0CD3-B72D-47B6-A68D-7590B98EB39B}
		{96E929FD-8470-4B28-ACF3-C8CB33F40D25} = {0AB3BF05-4346-4AA6-1389-037BE0695223}
		{F20298E9-CF04-4346-95B5-196B5B08EB89} = {827E0CD3-B72D-47B6-A68D-7590B98EB39B}
		{8309D701-F2F5-4E90-B6F0-E001637837BC} = {827E0CD3-B72D-47B6-A68D-7590B98EB39B}
		{FF226D7A-25B9-4E83-A9EA-FF5890915C8D} = {0AB3BF05-4346-4AA6-1389-037BE0695223}
		{C430A51E-7DA1-4B3C-B442-C1FB5A8A3099} = {0AB3BF05-4346-4AA6-1389-037BE0695223}
	EndGlobalSection
EndGlobal
