
Microsoft Visual Studio Solution File, Format Version 12.00
# Visual Studio Version 17
VisualStudioVersion = 17.0.31903.59
MinimumVisualStudioVersion = 10.0.40219.1
Project("{FAE04EC0-301F-11D3-BF4B-00C04F79EFBC}") = "Gateway.Adapters.EncheresV6", "Gateway.Adapters.EncheresV6\Gateway.Adapters.EncheresV6.csproj", "{C47A87AB-148B-4F95-B44D-E12E795E7896}"
EndProject
Project("{FAE04EC0-301F-11D3-BF4B-00C04F79EFBC}") = "Gateway.Core", "Gateway.Core\Gateway.Core.csproj", "{A98AD32B-33F4-4354-94EC-9FD7A7460CFD}"
EndProject
Project("{FAE04EC0-301F-11D3-BF4B-00C04F79EFBC}") = "Gateway.Api", "Gateway.Api\Gateway.Api.csproj", "{6F838C41-44D7-470B-86F0-08A691F80322}"
EndProject
Project("{FAE04EC0-301F-11D3-BF4B-00C04F79EFBC}") = "Gateway.ApiClient", "Gateway.ApiClient\Gateway.ApiClient.csproj", "{A874DE10-0386-4C00-A0A4-99343C45A0CD}"
EndProject
Project("{FAE04EC0-301F-11D3-BF4B-00C04F79EFBC}") = "Gateway.App", "Gateway.App\Gateway.App.csproj", "{4411B166-9046-46CF-B916-EDE54EFF6FAA}"
EndProject
Project("{FAE04EC0-301F-11D3-BF4B-00C04F79EFBC}") = "Gateway.Cli", "Gateway.Cli\Gateway.Cli.csproj", "{4C5F63C7-9289-4920-B251-F48D1A90BAE7}"
EndProject
Project("{FAE04EC0-301F-11D3-BF4B-00C04F79EFBC}") = "Gateway.PaClients.Fake", "Gateway.PaClients.Fake\Gateway.PaClients.Fake.csproj", "{DC12BD49-4846-4BF4-9A69-E2D0A3FEBFCD}"
EndProject
Project("{FAE04EC0-301F-11D3-BF4B-00C04F79EFBC}") = "Gateway.PaClients.B2Brouter", "Gateway.PaClients.B2Brouter\Gateway.PaClients.B2Brouter.csproj", "{5E3BA958-70E7-4193-8EE6-842959549BE3}"
EndProject
Project("{FAE04EC0-301F-11D3-BF4B-00C04F79EFBC}") = "Gateway.PaClients.SuperPdp", "Gateway.PaClients.SuperPdp\Gateway.PaClients.SuperPdp.csproj", "{AA3C9222-EF46-4074-9F0F-8FCC38333CA2}"
EndProject
Project("{FAE04EC0-301F-11D3-BF4B-00C04F79EFBC}") = "Gateway.Service", "Gateway.Service\Gateway.Service.csproj", "{BD5FF7DD-CC1C-4B6E-92A0-1EA000CD2001}"
EndProject
Project("{FAE04EC0-301F-11D3-BF4B-00C04F79EFBC}") = "Gateway.Adapters.EncheresV6.Tests", "..\tests\Gateway.Adapters.EncheresV6.Tests\Gateway.Adapters.EncheresV6.Tests.csproj", "{CB37C4B5-6A6B-4CD6-9915-AF0A746E185B}"
EndProject
Project("{FAE04EC0-301F-11D3-BF4B-00C04F79EFBC}") = "Gateway.App.Tests", "..\tests\Gateway.App.Tests\Gateway.App.Tests.csproj", "{7AD2122F-A33E-46AF-8BE2-FE102605C4C8}"
EndProject
Project("{FAE04EC0-301F-11D3-BF4B-00C04F79EFBC}") = "Gateway.Core.Tests", "..\tests\Gateway.Core.Tests\Gateway.Core.Tests.csproj", "{00427321-0E81-4ED4-A822-EA057B945023}"
EndProject
Project("{FAE04EC0-301F-11D3-BF4B-00C04F79EFBC}") = "Gateway.PaClients.B2Brouter.Tests", "..\tests\Gateway.PaClients.B2Brouter.Tests\Gateway.PaClients.B2Brouter.Tests.csproj", "{07FFA9BD-4908-450D-9966-14EF1BF1A399}"
EndProject
Project("{FAE04EC0-301F-11D3-BF4B-00C04F79EFBC}") = "Gateway.PaClients.Contract.Tests", "..\tests\Gateway.PaClients.Contract.Tests\Gateway.PaClients.Contract.Tests.csproj", "{4A03D3F7-804D-4248-B0B6-D142F8147C52}"
EndProject
Project("{FAE04EC0-301F-11D3-BF4B-00C04F79EFBC}") = "Gateway.PaClients.Fake.Tests", "..\tests\Gateway.PaClients.Fake.Tests\Gateway.PaClients.Fake.Tests.csproj", "{066DEB47-75F3-44B1-84D1-E17108D7451F}"
EndProject
Project("{FAE04EC0-301F-11D3-BF4B-00C04F79EFBC}") = "Gateway.PaClients.SuperPdp.Tests", "..\tests\Gateway.PaClients.SuperPdp.Tests\Gateway.PaClients.SuperPdp.Tests.csproj", "{6AC23BAF-E724-42B9-B52F-94958EE3B852}"
EndProject
Project("{FAE04EC0-301F-11D3-BF4B-00C04F79EFBC}") = "Gateway.Service.Tests", "..\tests\Gateway.Service.Tests\Gateway.Service.Tests.csproj", "{03A33504-4C5C-4E43-8429-A97CC43D05A3}"
EndProject
Global
	GlobalSection(SolutionConfigurationPlatforms) = preSolution
		Debug|Any CPU = Debug|Any CPU
		Debug|x64 = Debug|x64
		Debug|x86 = Debug|x86
		Release|Any CPU = Release|Any CPU
		Release|x64 = Release|x64
		Release|x86 = Release|x86
	EndGlobalSection
	GlobalSection(ProjectConfigurationPlatforms) = postSolution
		{C47A87AB-148B-4F95-B44D-E12E795E7896}.Debug|Any CPU.ActiveCfg = Debug|x86
		{C47A87AB-148B-4F95-B44D-E12E795E7896}.Debug|Any CPU.Build.0 = Debug|x86
		{C47A87AB-148B-4F95-B44D-E12E795E7896}.Debug|x64.ActiveCfg = Debug|x64
		{C47A87AB-148B-4F95-B44D-E12E795E7896}.Debug|x64.Build.0 = Debug|x64
		{C47A87AB-148B-4F95-B44D-E12E795E7896}.Debug|x86.ActiveCfg = Debug|x86
		{C47A87AB-148B-4F95-B44D-E12E795E7896}.Debug|x86.Build.0 = Debug|x86
		{C47A87AB-148B-4F95-B44D-E12E795E7896}.Release|Any CPU.ActiveCfg = Release|x86
		{C47A87AB-148B-4F95-B44D-E12E795E7896}.Release|Any CPU.Build.0 = Release|x86
		{C47A87AB-148B-4F95-B44D-E12E795E7896}.Release|x64.ActiveCfg = Release|x64
		{C47A87AB-148B-4F95-B44D-E12E795E7896}.Release|x64.Build.0 = Release|x64
		{C47A87AB-148B-4F95-B44D-E12E795E7896}.Release|x86.ActiveCfg = Release|x86
		{C47A87AB-148B-4F95-B44D-E12E795E7896}.Release|x86.Build.0 = Release|x86
		{A98AD32B-33F4-4354-94EC-9FD7A7460CFD}.Debug|Any CPU.ActiveCfg = Debug|x86
		{A98AD32B-33F4-4354-94EC-9FD7A7460CFD}.Debug|Any CPU.Build.0 = Debug|x86
		{A98AD32B-33F4-4354-94EC-9FD7A7460CFD}.Debug|x64.ActiveCfg = Debug|x64
		{A98AD32B-33F4-4354-94EC-9FD7A7460CFD}.Debug|x64.Build.0 = Debug|x64
		{A98AD32B-33F4-4354-94EC-9FD7A7460CFD}.Debug|x86.ActiveCfg = Debug|x86
		{A98AD32B-33F4-4354-94EC-9FD7A7460CFD}.Debug|x86.Build.0 = Debug|x86
		{A98AD32B-33F4-4354-94EC-9FD7A7460CFD}.Release|Any CPU.ActiveCfg = Release|x86
		{A98AD32B-33F4-4354-94EC-9FD7A7460CFD}.Release|Any CPU.Build.0 = Release|x86
		{A98AD32B-33F4-4354-94EC-9FD7A7460CFD}.Release|x64.ActiveCfg = Release|x64
		{A98AD32B-33F4-4354-94EC-9FD7A7460CFD}.Release|x64.Build.0 = Release|x64
		{A98AD32B-33F4-4354-94EC-9FD7A7460CFD}.Release|x86.ActiveCfg = Release|x86
		{A98AD32B-33F4-4354-94EC-9FD7A7460CFD}.Release|x86.Build.0 = Release|x86
		{6F838C41-44D7-470B-86F0-08A691F80322}.Debug|Any CPU.ActiveCfg = Debug|x86
		{6F838C41-44D7-470B-86F0-08A691F80322}.Debug|Any CPU.Build.0 = Debug|x86
		{6F838C41-44D7-470B-86F0-08A691F80322}.Debug|x64.ActiveCfg = Debug|x64
		{6F838C41-44D7-470B-86F0-08A691F80322}.Debug|x64.Build.0 = Debug|x64
		{6F838C41-44D7-470B-86F0-08A691F80322}.Debug|x86.ActiveCfg = Debug|x86
		{6F838C41-44D7-470B-86F0-08A691F80322}.Debug|x86.Build.0 = Debug|x86
		{6F838C41-44D7-470B-86F0-08A691F80322}.Release|Any CPU.ActiveCfg = Release|x86
		{6F838C41-44D7-470B-86F0-08A691F80322}.Release|Any CPU.Build.0 = Release|x86
		{6F838C41-44D7-470B-86F0-08A691F80322}.Release|x64.ActiveCfg = Release|x64
		{6F838C41-44D7-470B-86F0-08A691F80322}.Release|x64.Build.0 = Release|x64
		{6F838C41-44D7-470B-86F0-08A691F80322}.Release|x86.ActiveCfg = Release|x86
		{6F838C41-44D7-470B-86F0-08A691F80322}.Release|x86.Build.0 = Release|x86
		{A874DE10-0386-4C00-A0A4-99343C45A0CD}.Debug|Any CPU.ActiveCfg = Debug|x86
		{A874DE10-0386-4C00-A0A4-99343C45A0CD}.Debug|Any CPU.Build.0 = Debug|x86
		{A874DE10-0386-4C00-A0A4-99343C45A0CD}.Debug|x64.ActiveCfg = Debug|x64
		{A874DE10-0386-4C00-A0A4-99343C45A0CD}.Debug|x64.Build.0 = Debug|x64
		{A874DE10-0386-4C00-A0A4-99343C45A0CD}.Debug|x86.ActiveCfg = Debug|x86
		{A874DE10-0386-4C00-A0A4-99343C45A0CD}.Debug|x86.Build.0 = Debug|x86
		{A874DE10-0386-4C00-A0A4-99343C45A0CD}.Release|Any CPU.ActiveCfg = Release|x86
		{A874DE10-0386-4C00-A0A4-99343C45A0CD}.Release|Any CPU.Build.0 = Release|x86
		{A874DE10-0386-4C00-A0A4-99343C45A0CD}.Release|x64.ActiveCfg = Release|x64
		{A874DE10-0386-4C00-A0A4-99343C45A0CD}.Release|x64.Build.0 = Release|x64
		{A874DE10-0386-4C00-A0A4-99343C45A0CD}.Release|x86.ActiveCfg = Release|x86
		{A874DE10-0386-4C00-A0A4-99343C45A0CD}.Release|x86.Build.0 = Release|x86
		{4411B166-9046-46CF-B916-EDE54EFF6FAA}.Debug|Any CPU.ActiveCfg = Debug|x86
		{4411B166-9046-46CF-B916-EDE54EFF6FAA}.Debug|Any CPU.Build.0 = Debug|x86
		{4411B166-9046-46CF-B916-EDE54EFF6FAA}.Debug|x64.ActiveCfg = Debug|x64
		{4411B166-9046-46CF-B916-EDE54EFF6FAA}.Debug|x64.Build.0 = Debug|x64
		{4411B166-9046-46CF-B916-EDE54EFF6FAA}.Debug|x86.ActiveCfg = Debug|x86
		{4411B166-9046-46CF-B916-EDE54EFF6FAA}.Debug|x86.Build.0 = Debug|x86
		{4411B166-9046-46CF-B916-EDE54EFF6FAA}.Release|Any CPU.ActiveCfg = Release|x86
		{4411B166-9046-46CF-B916-EDE54EFF6FAA}.Release|Any CPU.Build.0 = Release|x86
		{4411B166-9046-46CF-B916-EDE54EFF6FAA}.Release|x64.ActiveCfg = Release|x64
		{4411B166-9046-46CF-B916-EDE54EFF6FAA}.Release|x64.Build.0 = Release|x64
		{4411B166-9046-46CF-B916-EDE54EFF6FAA}.Release|x86.ActiveCfg = Release|x86
		{4411B166-9046-46CF-B916-EDE54EFF6FAA}.Release|x86.Build.0 = Release|x86
		{4C5F63C7-9289-4920-B251-F48D1A90BAE7}.Debug|Any CPU.ActiveCfg = Debug|x86
		{4C5F63C7-9289-4920-B251-F48D1A90BAE7}.Debug|Any CPU.Build.0 = Debug|x86
		{4C5F63C7-9289-4920-B251-F48D1A90BAE7}.Debug|x64.ActiveCfg = Debug|x64
		{4C5F63C7-9289-4920-B251-F48D1A90BAE7}.Debug|x64.Build.0 = Debug|x64
		{4C5F63C7-9289-4920-B251-F48D1A90BAE7}.Debug|x86.ActiveCfg = Debug|x86
		{4C5F63C7-9289-4920-B251-F48D1A90BAE7}.Debug|x86.Build.0 = Debug|x86
		{4C5F63C7-9289-4920-B251-F48D1A90BAE7}.Release|Any CPU.ActiveCfg = Release|x86
		{4C5F63C7-9289-4920-B251-F48D1A90BAE7}.Release|Any CPU.Build.0 = Release|x86
		{4C5F63C7-9289-4920-B251-F48D1A90BAE7}.Release|x64.ActiveCfg = Release|x64
		{4C5F63C7-9289-4920-B251-F48D1A90BAE7}.Release|x64.Build.0 = Release|x64
		{4C5F63C7-9289-4920-B251-F48D1A90BAE7}.Release|x86.ActiveCfg = Release|x86
		{4C5F63C7-9289-4920-B251-F48D1A90BAE7}.Release|x86.Build.0 = Release|x86
		{DC12BD49-4846-4BF4-9A69-E2D0A3FEBFCD}.Debug|Any CPU.ActiveCfg = Debug|x86
		{DC12BD49-4846-4BF4-9A69-E2D0A3FEBFCD}.Debug|Any CPU.Build.0 = Debug|x86
		{DC12BD49-4846-4BF4-9A69-E2D0A3FEBFCD}.Debug|x64.ActiveCfg = Debug|x64
		{DC12BD49-4846-4BF4-9A69-E2D0A3FEBFCD}.Debug|x64.Build.0 = Debug|x64
		{DC12BD49-4846-4BF4-9A69-E2D0A3FEBFCD}.Debug|x86.ActiveCfg = Debug|x86
		{DC12BD49-4846-4BF4-9A69-E2D0A3FEBFCD}.Debug|x86.Build.0 = Debug|x86
		{DC12BD49-4846-4BF4-9A69-E2D0A3FEBFCD}.Release|Any CPU.ActiveCfg = Release|x86
		{DC12BD49-4846-4BF4-9A69-E2D0A3FEBFCD}.Release|Any CPU.Build.0 = Release|x86
		{DC12BD49-4846-4BF4-9A69-E2D0A3FEBFCD}.Release|x64.ActiveCfg = Release|x64
		{DC12BD49-4846-4BF4-9A69-E2D0A3FEBFCD}.Release|x64.Build.0 = Release|x64
		{DC12BD49-4846-4BF4-9A69-E2D0A3FEBFCD}.Release|x86.ActiveCfg = Release|x86
		{DC12BD49-4846-4BF4-9A69-E2D0A3FEBFCD}.Release|x86.Build.0 = Release|x86
		{5E3BA958-70E7-4193-8EE6-842959549BE3}.Debug|Any CPU.ActiveCfg = Debug|x86
		{5E3BA958-70E7-4193-8EE6-842959549BE3}.Debug|Any CPU.Build.0 = Debug|x86
		{5E3BA958-70E7-4193-8EE6-842959549BE3}.Debug|x64.ActiveCfg = Debug|x64
		{5E3BA958-70E7-4193-8EE6-842959549BE3}.Debug|x64.Build.0 = Debug|x64
		{5E3BA958-70E7-4193-8EE6-842959549BE3}.Debug|x86.ActiveCfg = Debug|x86
		{5E3BA958-70E7-4193-8EE6-842959549BE3}.Debug|x86.Build.0 = Debug|x86
		{5E3BA958-70E7-4193-8EE6-842959549BE3}.Release|Any CPU.ActiveCfg = Release|x86
		{5E3BA958-70E7-4193-8EE6-842959549BE3}.Release|Any CPU.Build.0 = Release|x86
		{5E3BA958-70E7-4193-8EE6-842959549BE3}.Release|x64.ActiveCfg = Release|x64
		{5E3BA958-70E7-4193-8EE6-842959549BE3}.Release|x64.Build.0 = Release|x64
		{5E3BA958-70E7-4193-8EE6-842959549BE3}.Release|x86.ActiveCfg = Release|x86
		{5E3BA958-70E7-4193-8EE6-842959549BE3}.Release|x86.Build.0 = Release|x86
		{AA3C9222-EF46-4074-9F0F-8FCC38333CA2}.Debug|Any CPU.ActiveCfg = Debug|x86
		{AA3C9222-EF46-4074-9F0F-8FCC38333CA2}.Debug|Any CPU.Build.0 = Debug|x86
		{AA3C9222-EF46-4074-9F0F-8FCC38333CA2}.Debug|x64.ActiveCfg = Debug|x64
		{AA3C9222-EF46-4074-9F0F-8FCC38333CA2}.Debug|x64.Build.0 = Debug|x64
		{AA3C9222-EF46-4074-9F0F-8FCC38333CA2}.Debug|x86.ActiveCfg = Debug|x86
		{AA3C9222-EF46-4074-9F0F-8FCC38333CA2}.Debug|x86.Build.0 = Debug|x86
		{AA3C9222-EF46-4074-9F0F-8FCC38333CA2}.Release|Any CPU.ActiveCfg = Release|x86
		{AA3C9222-EF46-4074-9F0F-8FCC38333CA2}.Release|Any CPU.Build.0 = Release|x86
		{AA3C9222-EF46-4074-9F0F-8FCC38333CA2}.Release|x64.ActiveCfg = Release|x64
		{AA3C9222-EF46-4074-9F0F-8FCC38333CA2}.Release|x64.Build.0 = Release|x64
		{AA3C9222-EF46-4074-9F0F-8FCC38333CA2}.Release|x86.ActiveCfg = Release|x86
		{AA3C9222-EF46-4074-9F0F-8FCC38333CA2}.Release|x86.Build.0 = Release|x86
		{BD5FF7DD-CC1C-4B6E-92A0-1EA000CD2001}.Debug|Any CPU.ActiveCfg = Debug|x86
		{BD5FF7DD-CC1C-4B6E-92A0-1EA000CD2001}.Debug|Any CPU.Build.0 = Debug|x86
		{BD5FF7DD-CC1C-4B6E-92A0-1EA000CD2001}.Debug|x64.ActiveCfg = Debug|x64
		{BD5FF7DD-CC1C-4B6E-92A0-1EA000CD2001}.Debug|x64.Build.0 = Debug|x64
		{BD5FF7DD-CC1C-4B6E-92A0-1EA000CD2001}.Debug|x86.ActiveCfg = Debug|x86
		{BD5FF7DD-CC1C-4B6E-92A0-1EA000CD2001}.Debug|x86.Build.0 = Debug|x86
		{BD5FF7DD-CC1C-4B6E-92A0-1EA000CD2001}.Release|Any CPU.ActiveCfg = Release|x86
		{BD5FF7DD-CC1C-4B6E-92A0-1EA000CD2001}.Release|Any CPU.Build.0 = Release|x86
		{BD5FF7DD-CC1C-4B6E-92A0-1EA000CD2001}.Release|x64.ActiveCfg = Release|x64
		{BD5FF7DD-CC1C-4B6E-92A0-1EA000CD2001}.Release|x64.Build.0 = Release|x64
		{BD5FF7DD-CC1C-4B6E-92A0-1EA000CD2001}.Release|x86.ActiveCfg = Release|x86
		{BD5FF7DD-CC1C-4B6E-92A0-1EA000CD2001}.Release|x86.Build.0 = Release|x86
		{CB37C4B5-6A6B-4CD6-9915-AF0A746E185B}.Debug|Any CPU.ActiveCfg = Debug|x86
		{CB37C4B5-6A6B-4CD6-9915-AF0A746E185B}.Debug|Any CPU.Build.0 = Debug|x86
		{CB37C4B5-6A6B-4CD6-9915-AF0A746E185B}.Debug|x64.ActiveCfg = Debug|x64
		{CB37C4B5-6A6B-4CD6-9915-AF0A746E185B}.Debug|x64.Build.0 = Debug|x64
		{CB37C4B5-6A6B-4CD6-9915-AF0A746E185B}.Debug|x86.ActiveCfg = Debug|x86
		{CB37C4B5-6A6B-4CD6-9915-AF0A746E185B}.Debug|x86.Build.0 = Debug|x86
		{CB37C4B5-6A6B-4CD6-9915-AF0A746E185B}.Release|Any CPU.ActiveCfg = Release|x86
		{CB37C4B5-6A6B-4CD6-9915-AF0A746E185B}.Release|Any CPU.Build.0 = Release|x86
		{CB37C4B5-6A6B-4CD6-9915-AF0A746E185B}.Release|x64.ActiveCfg = Release|x64
		{CB37C4B5-6A6B-4CD6-9915-AF0A746E185B}.Release|x64.Build.0 = Release|x64
		{CB37C4B5-6A6B-4CD6-9915-AF0A746E185B}.Release|x86.ActiveCfg = Release|x86
		{CB37C4B5-6A6B-4CD6-9915-AF0A746E185B}.Release|x86.Build.0 = Release|x86
		{7AD2122F-A33E-46AF-8BE2-FE102605C4C8}.Debug|Any CPU.ActiveCfg = Debug|x86
		{7AD2122F-A33E-46AF-8BE2-FE102605C4C8}.Debug|Any CPU.Build.0 = Debug|x86
		{7AD2122F-A33E-46AF-8BE2-FE102605C4C8}.Debug|x64.ActiveCfg = Debug|x64
		{7AD2122F-A33E-46AF-8BE2-FE102605C4C8}.Debug|x64.Build.0 = Debug|x64
		{7AD2122F-A33E-46AF-8BE2-FE102605C4C8}.Debug|x86.ActiveCfg = Debug|x86
		{7AD2122F-A33E-46AF-8BE2-FE102605C4C8}.Debug|x86.Build.0 = Debug|x86
		{7AD2122F-A33E-46AF-8BE2-FE102605C4C8}.Release|Any CPU.ActiveCfg = Release|x86
		{7AD2122F-A33E-46AF-8BE2-FE102605C4C8}.Release|Any CPU.Build.0 = Release|x86
		{7AD2122F-A33E-46AF-8BE2-FE102605C4C8}.Release|x64.ActiveCfg = Release|x64
		{7AD2122F-A33E-46AF-8BE2-FE102605C4C8}.Release|x64.Build.0 = Release|x64
		{7AD2122F-A33E-46AF-8BE2-FE102605C4C8}.Release|x86.ActiveCfg = Release|x86
		{7AD2122F-A33E-46AF-8BE2-FE102605C4C8}.Release|x86.Build.0 = Release|x86
		{00427321-0E81-4ED4-A822-EA057B945023}.Debug|Any CPU.ActiveCfg = Debug|x86
		{00427321-0E81-4ED4-A822-EA057B945023}.Debug|Any CPU.Build.0 = Debug|x86
		{00427321-0E81-4ED4-A822-EA057B945023}.Debug|x64.ActiveCfg = Debug|x64
		{00427321-0E81-4ED4-A822-EA057B945023}.Debug|x64.Build.0 = Debug|x64
		{00427321-0E81-4ED4-A822-EA057B945023}.Debug|x86.ActiveCfg = Debug|x86
		{00427321-0E81-4ED4-A822-EA057B945023}.Debug|x86.Build.0 = Debug|x86
		{00427321-0E81-4ED4-A822-EA057B945023}.Release|Any CPU.ActiveCfg = Release|x86
		{00427321-0E81-4ED4-A822-EA057B945023}.Release|Any CPU.Build.0 = Release|x86
		{00427321-0E81-4ED4-A822-EA057B945023}.Release|x64.ActiveCfg = Release|x64
		{00427321-0E81-4ED4-A822-EA057B945023}.Release|x64.Build.0 = Release|x64
		{00427321-0E81-4ED4-A822-EA057B945023}.Release|x86.ActiveCfg = Release|x86
		{00427321-0E81-4ED4-A822-EA057B945023}.Release|x86.Build.0 = Release|x86
		{07FFA9BD-4908-450D-9966-14EF1BF1A399}.Debug|Any CPU.ActiveCfg = Debug|x86
		{07FFA9BD-4908-450D-9966-14EF1BF1A399}.Debug|Any CPU.Build.0 = Debug|x86
		{07FFA9BD-4908-450D-9966-14EF1BF1A399}.Debug|x64.ActiveCfg = Debug|x64
		{07FFA9BD-4908-450D-9966-14EF1BF1A399}.Debug|x64.Build.0 = Debug|x64
		{07FFA9BD-4908-450D-9966-14EF1BF1A399}.Debug|x86.ActiveCfg = Debug|x86
		{07FFA9BD-4908-450D-9966-14EF1BF1A399}.Debug|x86.Build.0 = Debug|x86
		{07FFA9BD-4908-450D-9966-14EF1BF1A399}.Release|Any CPU.ActiveCfg = Release|x86
		{07FFA9BD-4908-450D-9966-14EF1BF1A399}.Release|Any CPU.Build.0 = Release|x86
		{07FFA9BD-4908-450D-9966-14EF1BF1A399}.Release|x64.ActiveCfg = Release|x64
		{07FFA9BD-4908-450D-9966-14EF1BF1A399}.Release|x64.Build.0 = Release|x64
		{07FFA9BD-4908-450D-9966-14EF1BF1A399}.Release|x86.ActiveCfg = Release|x86
		{07FFA9BD-4908-450D-9966-14EF1BF1A399}.Release|x86.Build.0 = Release|x86
		{4A03D3F7-804D-4248-B0B6-D142F8147C52}.Debug|Any CPU.ActiveCfg = Debug|x86
		{4A03D3F7-804D-4248-B0B6-D142F8147C52}.Debug|Any CPU.Build.0 = Debug|x86
		{4A03D3F7-804D-4248-B0B6-D142F8147C52}.Debug|x64.ActiveCfg = Debug|x64
		{4A03D3F7-804D-4248-B0B6-D142F8147C52}.Debug|x64.Build.0 = Debug|x64
		{4A03D3F7-804D-4248-B0B6-D142F8147C52}.Debug|x86.ActiveCfg = Debug|x86
		{4A03D3F7-804D-4248-B0B6-D142F8147C52}.Debug|x86.Build.0 = Debug|x86
		{4A03D3F7-804D-4248-B0B6-D142F8147C52}.Release|Any CPU.ActiveCfg = Release|x86
		{4A03D3F7-804D-4248-B0B6-D142F8147C52}.Release|Any CPU.Build.0 = Release|x86
		{4A03D3F7-804D-4248-B0B6-D142F8147C52}.Release|x64.ActiveCfg = Release|x64
		{4A03D3F7-804D-4248-B0B6-D142F8147C52}.Release|x64.Build.0 = Release|x64
		{4A03D3F7-804D-4248-B0B6-D142F8147C52}.Release|x86.ActiveCfg = Release|x86
		{4A03D3F7-804D-4248-B0B6-D142F8147C52}.Release|x86.Build.0 = Release|x86
		{066DEB47-75F3-44B1-84D1-E17108D7451F}.Debug|Any CPU.ActiveCfg = Debug|x86
		{066DEB47-75F3-44B1-84D1-E17108D7451F}.Debug|Any CPU.Build.0 = Debug|x86
		{066DEB47-75F3-44B1-84D1-E17108D7451F}.Debug|x64.ActiveCfg = Debug|x64
		{066DEB47-75F3-44B1-84D1-E17108D7451F}.Debug|x64.Build.0 = Debug|x64
		{066DEB47-75F3-44B1-84D1-E17108D7451F}.Debug|x86.ActiveCfg = Debug|x86
		{066DEB47-75F3-44B1-84D1-E17108D7451F}.Debug|x86.Build.0 = Debug|x86
		{066DEB47-75F3-44B1-84D1-E17108D7451F}.Release|Any CPU.ActiveCfg = Release|x86
		{066DEB47-75F3-44B1-84D1-E17108D7451F}.Release|Any CPU.Build.0 = Release|x86
		{066DEB47-75F3-44B1-84D1-E17108D7451F}.Release|x64.ActiveCfg = Release|x64
		{066DEB47-75F3-44B1-84D1-E17108D7451F}.Release|x64.Build.0 = Release|x64
		{066DEB47-75F3-44B1-84D1-E17108D7451F}.Release|x86.ActiveCfg = Release|x86
		{066DEB47-75F3-44B1-84D1-E17108D7451F}.Release|x86.Build.0 = Release|x86
		{6AC23BAF-E724-42B9-B52F-94958EE3B852}.Debug|Any CPU.ActiveCfg = Debug|x86
		{6AC23BAF-E724-42B9-B52F-94958EE3B852}.Debug|Any CPU.Build.0 = Debug|x86
		{6AC23BAF-E724-42B9-B52F-94958EE3B852}.Debug|x64.ActiveCfg = Debug|x64
		{6AC23BAF-E724-42B9-B52F-94958EE3B852}.Debug|x64.Build.0 = Debug|x64
		{6AC23BAF-E724-42B9-B52F-94958EE3B852}.Debug|x86.ActiveCfg = Debug|x86
		{6AC23BAF-E724-42B9-B52F-94958EE3B852}.Debug|x86.Build.0 = Debug|x86
		{6AC23BAF-E724-42B9-B52F-94958EE3B852}.Release|Any CPU.ActiveCfg = Release|x86
		{6AC23BAF-E724-42B9-B52F-94958EE3B852}.Release|Any CPU.Build.0 = Release|x86
		{6AC23BAF-E724-42B9-B52F-94958EE3B852}.Release|x64.ActiveCfg = Release|x64
		{6AC23BAF-E724-42B9-B52F-94958EE3B852}.Release|x64.Build.0 = Release|x64
		{6AC23BAF-E724-42B9-B52F-94958EE3B852}.Release|x86.ActiveCfg = Release|x86
		{6AC23BAF-E724-42B9-B52F-94958EE3B852}.Release|x86.Build.0 = Release|x86
		{03A33504-4C5C-4E43-8429-A97CC43D05A3}.Debug|Any CPU.ActiveCfg = Debug|x86
		{03A33504-4C5C-4E43-8429-A97CC43D05A3}.Debug|Any CPU.Build.0 = Debug|x86
		{03A33504-4C5C-4E43-8429-A97CC43D05A3}.Debug|x64.ActiveCfg = Debug|x64
		{03A33504-4C5C-4E43-8429-A97CC43D05A3}.Debug|x64.Build.0 = Debug|x64
		{03A33504-4C5C-4E43-8429-A97CC43D05A3}.Debug|x86.ActiveCfg = Debug|x86
		{03A33504-4C5C-4E43-8429-A97CC43D05A3}.Debug|x86.Build.0 = Debug|x86
		{03A33504-4C5C-4E43-8429-A97CC43D05A3}.Release|Any CPU.ActiveCfg = Release|x86
		{03A33504-4C5C-4E43-8429-A97CC43D05A3}.Release|Any CPU.Build.0 = Release|x86
		{03A33504-4C5C-4E43-8429-A97CC43D05A3}.Release|x64.ActiveCfg = Release|x64
		{03A33504-4C5C-4E43-8429-A97CC43D05A3}.Release|x64.Build.0 = Release|x64
		{03A33504-4C5C-4E43-8429-A97CC43D05A3}.Release|x86.ActiveCfg = Release|x86
		{03A33504-4C5C-4E43-8429-A97CC43D05A3}.Release|x86.Build.0 = Release|x86
	EndGlobalSection
	GlobalSection(SolutionProperties) = preSolution
		HideSolutionNode = FALSE
	EndGlobalSection
EndGlobal
